github.com/mozillazg/go-pinyin v0.20.0 h1:BtR3DsxpApHfKReaPO1fCqF4pThRwH9uwvXzm+GnMFQ=
github.com/mozillazg/go-pinyin v0.20.0/go.mod h1:iR4EnMMRXkfpFVV5FMi4FNB6wGq9NV6uDWbUuPhP4Yc=
github.com/siongui/gojianfan v0.0.0-20210926212422-2f175ac615de h1:1/P9CcR8iENN9ybbSRWohRd3rsPp9tEWlTS/7ygvjHE=
github.com/siongui/gojianfan v0.0.0-20210926212422-2f175ac615de/go.mod h1:TRwEEJlrSIv+jc66k48huOZ2aKVBPL8V29ZcsjUIH70=
